
Microsoft Visual Studio Solution File, Format Version 12.00
# Visual Studio Version 17
VisualStudioVersion = 17.11.35017.193
MinimumVisualStudioVersion = 10.0.40219.1
Project("{FAE04EC0-301F-11D3-BF4B-00C04F79EFBC}") = "CoffeeShopAPI", "CoffeeShopAPI.csproj", "{0C18AF5A-F0EF-4C05-ACA0-B597EF647430}"
EndProject
Global
	GlobalSection(SolutionConfigurationPlatforms) = preSolution
		Debug|Any CPU = Debug|Any CPU
		Release|Any CPU = Release|Any CPU
	EndGlobalSection
	GlobalSection(ProjectConfigurationPlatforms) = postSolution
		{0C18AF5A-F0EF-4C05-ACA0-B597EF647430}.Debug|Any CPU.ActiveCfg = Debug|Any CPU
		{0C18AF5A-F0EF-4C05-ACA0-B597EF647430}.Debug|Any CPU.Build.0 = Debug|Any CPU
		{0C18AF5A-F0EF-4C05-ACA0-B597EF647430}.Release|Any CPU.ActiveCfg = Release|Any CPU
		{0C18AF5A-F0EF-4C05-ACA0-B597EF647430}.Release|Any CPU.Build.0 = Release|Any CPU
	EndGlobalSection
	GlobalSection(SolutionProperties) = preSolution
		HideSolutionNode = FALSE
	EndGlobalSection
	GlobalSection(ExtensibilityGlobals) = postSolution
		SolutionGuid = {9C6FA509-EDE5-4F22-8046-8965DB5AAE1B}
	EndGlobalSection
EndGlobal
